
Microsoft Visual Studio Solution File, Format Version 12.00
# Visual Studio 15
VisualStudioVersion = 15.0.28307.106
MinimumVisualStudioVersion = 10.0.40219.1
Project("{FAE04EC0-301F-11D3-BF4B-00C04F79EFBC}") = "SalesWebMvc", "SalesWebMvc\SalesWebMvc.csproj", "{1DEE4A78-496C-44E0-8543-C73FA2765AB5}"
EndProject
Global
	GlobalSection(SolutionConfigurationPlatforms) = preSolution
		Debug|Any CPU = Debug|Any CPU
		Release|Any CPU = Release|Any CPU
	EndGlobalSection
	GlobalSection(ProjectConfigurationPlatforms) = postSolution
		{1DEE4A78-496C-44E0-8543-C73FA2765AB5}.Debug|Any CPU.ActiveCfg = Debug|Any CPU
		{1DEE4A78-496C-44E0-8543-C73FA2765AB5}.Debug|Any CPU.Build.0 = Debug|Any CPU
		{1DEE4A78-496C-44E0-8543-C73FA2765AB5}.Release|Any CPU.ActiveCfg = Release|Any CPU
		{1DEE4A78-496C-44E0-8543-C73FA2765AB5}.Release|Any CPU.Build.0 = Release|Any CPU
	EndGlobalSection
	GlobalSection(SolutionProperties) = preSolution
		HideSolutionNode = FALSE
	EndGlobalSection
	GlobalSection(ExtensibilityGlobals) = postSolution
		SolutionGuid = {EA2D7BA2-EA12-475D-82A6-EC869F5A9CC3}
	EndGlobalSection
EndGlobal
